// !$*UTF8*$!
{
	archiveVersion = 1;
	classes = {
	};
	objectVersion = 50;
	objects = {

/* Begin PBXBuildFile section */
		90403B82212B25B500B49DE2 /* Accelerate.framework in Frameworks */ = {isa = PBXBuildFile; fileRef = 90403B81212B25B500B49DE2 /* Accelerate.framework */; };
		90403B86212B25E300B49DE2 /* libc++.tbd in Frameworks */ = {isa = PBXBuildFile; fileRef = 90403B85212B25E300B49DE2 /* libc++.tbd */; };
		90646593212B1A6E00C0F4C7 /* AppDelegate.m in Sources */ = {isa = PBXBuildFile; fileRef = 90646592212B1A6E00C0F4C7 /* AppDelegate.m */; };
		90646596212B1A6E00C0F4C7 /* ViewController.m in Sources */ = {isa = PBXBuildFile; fileRef = 90646595212B1A6E00C0F4C7 /* ViewController.m */; };
		90646599212B1A6E00C0F4C7 /* Main.storyboard in Resources */ = {isa = PBXBuildFile; fileRef = 90646597212B1A6E00C0F4C7 /* Main.storyboard */; };
		9064659B212B1A7000C0F4C7 /* Assets.xcassets in Resources */ = {isa = PBXBuildFile; fileRef = 9064659A212B1A7000C0F4C7 /* Assets.xcassets */; };
		9064659E212B1A7000C0F4C7 /* LaunchScreen.storyboard in Resources */ = {isa = PBXBuildFile; fileRef = 9064659C212B1A7000C0F4C7 /* LaunchScreen.storyboard */; };
		906465A1212B1A7000C0F4C7 /* main.m in Sources */ = {isa = PBXBuildFile; fileRef = 906465A0212B1A7000C0F4C7 /* main.m */; };
		907CC232212B268000906329 /* engine.framework in Frameworks */ = {isa = PBXBuildFile; fileRef = 907CC231212B268000906329 /* engine.framework */; };
/* End PBXBuildFile section */

/* Begin PBXFileReference section */
		90403B81212B25B500B49DE2 /* Accelerate.framework */ = {isa = PBXFileReference; lastKnownFileType = wrapper.framework; name = Accelerate.framework; path = System/Library/Frameworks/Accelerate.framework; sourceTree = SDKROOT; };
		90403B85212B25E300B49DE2 /* libc++.tbd */ = {isa = PBXFileReference; lastKnownFileType = "sourcecode.text-based-dylib-definition"; name = "libc++.tbd"; path = "usr/lib/libc++.tbd"; sourceTree = SDKROOT; };
		9064658E212B1A6E00C0F4C7 /* consumer.app */ = {isa = PBXFileReference; explicitFileType = wrapper.application; includeInIndex = 0; path = consumer.app; sourceTree = BUILT_PRODUCTS_DIR; };
		90646591212B1A6E00C0F4C7 /* AppDelegate.h */ = {isa = PBXFileReference; lastKnownFileType = sourcecode.c.h; path = AppDelegate.h; sourceTree = "<group>"; };
		90646592212B1A6E00C0F4C7 /* AppDelegate.m */ = {isa = PBXFileReference; lastKnownFileType = sourcecode.c.objc; path = AppDelegate.m; sourceTree = "<group>"; };
		90646594212B1A6E00C0F4C7 /* ViewController.h */ = {isa = PBXFileReference; lastKnownFileType = sourcecode.c.h; path = ViewController.h; sourceTree = "<group>"; };
		90646595212B1A6E00C0F4C7 /* ViewController.m */ = {isa = PBXFileReference; lastKnownFileType = sourcecode.c.objc; path = ViewController.m; sourceTree = "<group>"; };
		90646598212B1A6E00C0F4C7 /* Base */ = {isa = PBXFileReference; lastKnownFileType = file.storyboard; name = Base; path = Base.lproj/Main.storyboard; sourceTree = "<group>"; };
		9064659A212B1A7000C0F4C7 /* Assets.xcassets */ = {isa = PBXFileReference; lastKnownFileType = folder.assetcatalog; path = Assets.xcassets; sourceTree = "<group>"; };
		9064659D212B1A7000C0F4C7 /* Base */ = {isa = PBXFileReference; lastKnownFileType = file.storyboard; name = Base; path = Base.lproj/LaunchScreen.storyboard; sourceTree = "<group>"; };
		9064659F212B1A7000C0F4C7 /* Info.plist */ = {isa = PBXFileReference; lastKnownFileType = text.plist.xml; path = Info.plist; sourceTree = "<group>"; };
		906465A0212B1A7000C0F4C7 /* main.m */ = {isa = PBXFileReference; lastKnownFileType = sourcecode.c.objc; path = main.m; sourceTree = "<group>"; };
		907CC231212B268000906329 /* engine.framework */ = {isa = PBXFileReference; lastKnownFileType = wrapper.framework; path = engine.framework; sourceTree = "<group>"; };
/* End PBXFileReference section */

/* Begin PBXFrameworksBuildPhase section */
		9064658B212B1A6E00C0F4C7 /* Frameworks */ = {
			isa = PBXFrameworksBuildPhase;
			buildActionMask = 2147483647;
			files = (
				90403B86212B25E300B49DE2 /* libc++.tbd in Frameworks */,
				907CC232212B268000906329 /* engine.framework in Frameworks */,
				90403B82212B25B500B49DE2 /* Accelerate.framework in Frameworks */,
			);
			runOnlyForDeploymentPostprocessing = 0;
		};
/* End PBXFrameworksBuildPhase section */

/* Begin PBXGroup section */
		90403B7E212B25AA00B49DE2 /* Frameworks */ = {
			isa = PBXGroup;
			children = (
				907CC231212B268000906329 /* engine.framework */,
				90403B85212B25E300B49DE2 /* libc++.tbd */,
				90403B81212B25B500B49DE2 /* Accelerate.framework */,
			);
			name = Frameworks;
			sourceTree = "<group>";
		};
		90646585212B1A6E00C0F4C7 = {
			isa = PBXGroup;
			children = (
				90646590212B1A6E00C0F4C7 /* consumer */,
				9064658F212B1A6E00C0F4C7 /* Products */,
				90403B7E212B25AA00B49DE2 /* Frameworks */,
			);
			sourceTree = "<group>";
		};
		9064658F212B1A6E00C0F4C7 /* Products */ = {
			isa = PBXGroup;
			children = (
				9064658E212B1A6E00C0F4C7 /* consumer.app */,
			);
			name = Products;
			sourceTree = "<group>";
		};
		90646590212B1A6E00C0F4C7 /* consumer */ = {
			isa = PBXGroup;
			children = (
				90646591212B1A6E00C0F4C7 /* AppDelegate.h */,
				90646592212B1A6E00C0F4C7 /* AppDelegate.m */,
				90646594212B1A6E00C0F4C7 /* ViewController.h */,
				90646595212B1A6E00C0F4C7 /* ViewController.m */,
				90646597212B1A6E00C0F4C7 /* Main.storyboard */,
				9064659A212B1A7000C0F4C7 /* Assets.xcassets */,
				9064659C212B1A7000C0F4C7 /* LaunchScreen.storyboard */,
				9064659F212B1A7000C0F4C7 /* Info.plist */,
				906465A0212B1A7000C0F4C7 /* main.m */,
			);
			path = consumer;
			sourceTree = "<group>";
		};
/* End PBXGroup section */

/* Begin PBXNativeTarget section */
		9064658D212B1A6E00C0F4C7 /* consumer */ = {
			isa = PBXNativeTarget;
			buildConfigurationList = 906465A4212B1A7000C0F4C7 /* Build configuration list for PBXNativeTarget "consumer" */;
			buildPhases = (
				9064658A212B1A6E00C0F4C7 /* Sources */,
				9064658B212B1A6E00C0F4C7 /* Frameworks */,
				9064658C212B1A6E00C0F4C7 /* Resources */,
			);
			buildRules = (
			);
			dependencies = (
			);
			name = consumer;
			productName = consumer;
			productReference = 9064658E212B1A6E00C0F4C7 /* consumer.app */;
			productType = "com.apple.product-type.application";
		};
/* End PBXNativeTarget section */

/* Begin PBXProject section */
		90646586212B1A6E00C0F4C7 /* Project object */ = {
			isa = PBXProject;
			attributes = {
				LastUpgradeCheck = 0940;
				ORGANIZATIONNAME = "CUE Audio";
				TargetAttributes = {
					9064658D212B1A6E00C0F4C7 = {
						CreatedOnToolsVersion = 9.4.1;
					};
				};
			};
			buildConfigurationList = 90646589212B1A6E00C0F4C7 /* Build configuration list for PBXProject "consumer-framework" */;
			compatibilityVersion = "Xcode 9.3";
			developmentRegion = en;
			hasScannedForEncodings = 0;
			knownRegions = (
				en,
				Base,
			);
			mainGroup = 90646585212B1A6E00C0F4C7;
			productRefGroup = 9064658F212B1A6E00C0F4C7 /* Products */;
			projectDirPath = "";
			projectRoot = "";
			targets = (
				9064658D212B1A6E00C0F4C7 /* consumer */,
			);
		};
/* End PBXProject section */

/* Begin PBXResourcesBuildPhase section */
		9064658C212B1A6E00C0F4C7 /* Resources */ = {
			isa = PBXResourcesBuildPhase;
			buildActionMask = 2147483647;
			files = (
				9064659E212B1A7000C0F4C7 /* LaunchScreen.storyboard in Resources */,
				9064659B212B1A7000C0F4C7 /* Assets.xcassets in Resources */,
				90646599212B1A6E00C0F4C7 /* Main.storyboard in Resources */,
			);
			runOnlyForDeploymentPostprocessing = 0;
		};
/* End PBXResourcesBuildPhase section */

/* Begin PBXSourcesBuildPhase section */
		9064658A212B1A6E00C0F4C7 /* Sources */ = {
			isa = PBXSourcesBuildPhase;
			buildActionMask = 2147483647;
			files = (
				90646596212B1A6E00C0F4C7 /* ViewController.m in Sources */,
				906465A1212B1A7000C0F4C7 /* main.m in Sources */,
				90646593212B1A6E00C0F4C7 /* AppDelegate.m in Sources */,
			);
			runOnlyForDeploymentPostprocessing = 0;
		};
/* End PBXSourcesBuildPhase section */

/* Begin PBXVariantGroup section */
		90646597212B1A6E00C0F4C7 /* Main.storyboard */ = {
			isa = PBXVariantGroup;
			children = (
				90646598212B1A6E00C0F4C7 /* Base */,
			);
			name = Main.storyboard;
			sourceTree = "<group>";
		};
		9064659C212B1A7000C0F4C7 /* LaunchScreen.storyboard */ = {
			isa = PBXVariantGroup;
			children = (
				9064659D212B1A7000C0F4C7 /* Base */,
			);
			name = LaunchScreen.storyboard;
			sourceTree = "<group>";
		};
/* End PBXVariantGroup section */

/* Begin XCBuildConfiguration section */
		906465A2212B1A7000C0F4C7 /* Debug */ = {
			isa = XCBuildConfiguration;
			buildSettings = {
				ALWAYS_SEARCH_USER_PATHS = NO;
				CLANG_ANALYZER_NONNULL = YES;
				CLANG_ANALYZER_NUMBER_OBJECT_CONVERSION = YES_AGGRESSIVE;
				CLANG_CXX_LANGUAGE_STANDARD = "gnu++14";
				CLANG_CXX_LIBRARY = "libc++";
				CLANG_ENABLE_MODULES = YES;
				CLANG_ENABLE_OBJC_ARC = YES;
				CLANG_ENABLE_OBJC_WEAK = YES;
				CLANG_WARN_BLOCK_CAPTURE_AUTORELEASING = YES;
				CLANG_WARN_BOOL_CONVERSION = YES;
				CLANG_WARN_COMMA = YES;
				CLANG_WARN_CONSTANT_CONVERSION = YES;
				CLANG_WARN_DEPRECATED_OBJC_IMPLEMENTATIONS = YES;
				CLANG_WARN_DIRECT_OBJC_ISA_USAGE = YES_ERROR;
				CLANG_WARN_DOCUMENTATION_COMMENTS = YES;
				CLANG_WARN_EMPTY_BODY = YES;
				CLANG_WARN_ENUM_CONVERSION = YES;
				CLANG_WARN_INFINITE_RECURSION = YES;
				CLANG_WARN_INT_CONVERSION = YES;
				CLANG_WARN_NON_LITERAL_NULL_CONVERSION = YES;
				CLANG_WARN_OBJC_IMPLICIT_RETAIN_SELF = YES;
				CLANG_WARN_OBJC_LITERAL_CONVERSION = YES;
				CLANG_WARN_OBJC_ROOT_CLASS = YES_ERROR;
				CLANG_WARN_RANGE_LOOP_ANALYSIS = YES;
				CLANG_WARN_STRICT_PROTOTYPES = YES;
				CLANG_WARN_SUSPICIOUS_MOVE = YES;
				CLANG_WARN_UNGUARDED_AVAILABILITY = YES_AGGRESSIVE;
				CLANG_WARN_UNREACHABLE_CODE = YES;
				CLANG_WARN__DUPLICATE_METHOD_MATCH = YES;
				CODE_SIGN_IDENTITY = "iPhone Developer";
				COPY_PHASE_STRIP = NO;
				DEBUG_INFORMATION_FORMAT = dwarf;
				ENABLE_STRICT_OBJC_MSGSEND = YES;
				ENABLE_TESTABILITY = YES;
				GCC_C_LANGUAGE_STANDARD = gnu11;
				GCC_DYNAMIC_NO_PIC = NO;
				GCC_NO_COMMON_BLOCKS = YES;
				GCC_OPTIMIZATION_LEVEL = 0;
				GCC_PREPROCESSOR_DEFINITIONS = (
					"DEBUG=1",
					"$(inherited)",
				);
				GCC_WARN_64_TO_32_BIT_CONVERSION = YES;
				GCC_WARN_ABOUT_RETURN_TYPE = YES_ERROR;
				GCC_WARN_UNDECLARED_SELECTOR = YES;
				GCC_WARN_UNINITIALIZED_AUTOS = YES_AGGRESSIVE;
				GCC_WARN_UNUSED_FUNCTION = YES;
				GCC_WARN_UNUSED_VARIABLE = YES;
				IPHONEOS_DEPLOYMENT_TARGET = 11.4;
				MTL_ENABLE_DEBUG_INFO = YES;
				ONLY_ACTIVE_ARCH = YES;
				SDKROOT = iphoneos;
			};
			name = Debug;
		};
		906465A3212B1A7000C0F4C7 /* Release */ = {
			isa = XCBuildConfiguration;
			buildSettings = {
				ALWAYS_SEARCH_USER_PATHS = NO;
				CLANG_ANALYZER_NONNULL = YES;
				CLANG_ANALYZER_NUMBER_OBJECT_CONVERSION = YES_AGGRESSIVE;
				CLANG_CXX_LANGUAGE_STANDARD = "gnu++14";
				CLANG_CXX_LIBRARY = "libc++";
				CLANG_ENABLE_MODULES = YES;
				CLANG_ENABLE_OBJC_ARC = YES;
				CLANG_ENABLE_OBJC_WEAK = YES;
				CLANG_WARN_BLOCK_CAPTURE_AUTORELEASING = YES;
				CLANG_WARN_BOOL_CONVERSION = YES;
				CLANG_WARN_COMMA = YES;
				CLANG_WARN_CONSTANT_CONVERSION = YES;
				CLANG_WARN_DEPRECATED_OBJC_IMPLEMENTATIONS = YES;
				CLANG_WARN_DIRECT_OBJC_ISA_USAGE = YES_ERROR;
				CLANG_WARN_DOCUMENTATION_COMMENTS = YES;
				CLANG_WARN_EMPTY_BODY = YES;
				CLANG_WARN_ENUM_CONVERSION = YES;
				CLANG_WARN_INFINITE_RECURSION = YES;
				CLANG_WARN_INT_CONVERSION = YES;
				CLANG_WARN_NON_LITERAL_NULL_CONVERSION = YES;
				CLANG_WARN_OBJC_IMPLICIT_RETAIN_SELF = YES;
				CLANG_WARN_OBJC_LITERAL_CONVERSION = YES;
				CLANG_WARN_OBJC_ROOT_CLASS = YES_ERROR;
				CLANG_WARN_RANGE_LOOP_ANALYSIS = YES;
				CLANG_WARN_STRICT_PROTOTYPES = YES;
				CLANG_WARN_SUSPICIOUS_MOVE = YES;
				CLANG_WARN_UNGUARDED_AVAILABILITY = YES_AGGRESSIVE;
				CLANG_WARN_UNREACHABLE_CODE = YES;
				CLANG_WARN__DUPLICATE_METHOD_MATCH = YES;
				CODE_SIGN_IDENTITY = "iPhone Developer";
				COPY_PHASE_STRIP = NO;
				DEBUG_INFORMATION_FORMAT = "dwarf-with-dsym";
				ENABLE_NS_ASSERTIONS = NO;
				ENABLE_STRICT_OBJC_MSGSEND = YES;
				GCC_C_LANGUAGE_STANDARD = gnu11;
				GCC_NO_COMMON_BLOCKS = YES;
				GCC_WARN_64_TO_32_BIT_CONVERSION = YES;
				GCC_WARN_ABOUT_RETURN_TYPE = YES_ERROR;
				GCC_WARN_UNDECLARED_SELECTOR = YES;
				GCC_WARN_UNINITIALIZED_AUTOS = YES_AGGRESSIVE;
				GCC_WARN_UNUSED_FUNCTION = YES;
				GCC_WARN_UNUSED_VARIABLE = YES;
				IPHONEOS_DEPLOYMENT_TARGET = 11.4;
				MTL_ENABLE_DEBUG_INFO = NO;
				SDKROOT = iphoneos;
				VALIDATE_PRODUCT = YES;
			};
			name = Release;
		};
		906465A5212B1A7000C0F4C7 /* Debug */ = {
			isa = XCBuildConfiguration;
			buildSettings = {
				ASSETCATALOG_COMPILER_APPICON_NAME = AppIcon;
				CODE_SIGN_STYLE = Automatic;
				DEVELOPMENT_TEAM = SDYZEKSA3F;
				FRAMEWORK_SEARCH_PATHS = (
					"$(inherited)",
					"$(PROJECT_DIR)",
				);
				INFOPLIST_FILE = consumer/Info.plist;
				LD_RUNPATH_SEARCH_PATHS = (
					"$(inherited)",
					"@executable_path/Frameworks",
				);
				PRODUCT_BUNDLE_IDENTIFIER = com.cueaudio.engine.consumer;
				PRODUCT_NAME = "$(TARGET_NAME)";
				TARGETED_DEVICE_FAMILY = "1,2";
			};
			name = Debug;
		};
		906465A6212B1A7000C0F4C7 /* Release */ = {
			isa = XCBuildConfiguration;
			buildSettings = {
				ASSETCATALOG_COMPILER_APPICON_NAME = AppIcon;
				CODE_SIGN_STYLE = Automatic;
				DEVELOPMENT_TEAM = SDYZEKSA3F;
				FRAMEWORK_SEARCH_PATHS = (
					"$(inherited)",
					"$(PROJECT_DIR)",
				);
				INFOPLIST_FILE = consumer/Info.plist;
				LD_RUNPATH_SEARCH_PATHS = (
					"$(inherited)",
					"@executable_path/Frameworks",
				);
				PRODUCT_BUNDLE_IDENTIFIER = com.cueaudio.engine.consumer;
				PRODUCT_NAME = "$(TARGET_NAME)";
				TARGETED_DEVICE_FAMILY = "1,2";
			};
			name = Release;
		};
/* End XCBuildConfiguration section */

/* Begin XCConfigurationList section */
		90646589212B1A6E00C0F4C7 /* Build configuration list for PBXProject "consumer-framework" */ = {
			isa = XCConfigurationList;
			buildConfigurations = (
				906465A2212B1A7000C0F4C7 /* Debug */,
				906465A3212B1A7000C0F4C7 /* Release */,
			);
			defaultConfigurationIsVisible = 0;
			defaultConfigurationName = Release;
		};
		906465A4212B1A7000C0F4C7 /* Build configuration list for PBXNativeTarget "consumer" */ = {
			isa = XCConfigurationList;
			buildConfigurations = (
				906465A5212B1A7000C0F4C7 /* Debug */,
				906465A6212B1A7000C0F4C7 /* Release */,
			);
			defaultConfigurationIsVisible = 0;
			defaultConfigurationName = Release;
		};
/* End XCConfigurationList section */
	};
	rootObject = 90646586212B1A6E00C0F4C7 /* Project object */;
}
